{
    "name": "@0x/asset-swapper",
    "version": "4.6.0",
    "lockfileVersion": 1,
    "requires": true,
    "dependencies": {
        "@types/delay": {
            "version": "3.1.0",
            "resolved": "https://registry.npmjs.org/@types/delay/-/delay-3.1.0.tgz",
            "integrity": "sha512-Mt16D+JxuzA2iu5VTnGS1ziGoaSAD2SZJF4Os3rxUnMk7sBSOkdH43yxoZVxSEud6t1V1JScFBaZA8r6ByjYMw==",
            "requires": {
                "delay": "4.4.0"
            }
        },
        "delay": {
            "version": "4.4.0",
            "resolved": "https://registry.npmjs.org/delay/-/delay-4.4.0.tgz",
            "integrity": "sha512-txgOrJu3OdtOfTiEOT2e76dJVfG/1dz2NZ4F0Pyt4UGZJryssMRp5vdM5wQoLwSOBNdrJv3F9PAhp/heqd7vrA=="
        }
    }
}
