# THIS IS AN AUTOGENERATED FILE. DO NOT EDIT THIS FILE DIRECTLY.
# yarn lockfile v1


"@types/bignumber.js@^4.0.2":
  version "4.0.2"
  resolved "https://registry.yarnpkg.com/@types/bignumber.js/-/bignumber.js-4.0.2.tgz#22a16946c9faa9f2c9c0ad4c7c3734a3033320ae"

bignumber.js@^4.0.2:
  version "4.0.2"
  resolved "https://registry.yarnpkg.com/bignumber.js/-/bignumber.js-4.0.2.tgz#2d1dc37ee5968867ecea90b6da4d16e68608d21d"
